PODS:
  - CTMediator (13)
  - ZYModuleManger (0.3.0):
    - CTMediator (~> 13)

DEPENDENCIES:
  - ZYModuleManger (from `../`)

EXTERNAL SOURCES:
  ZYModuleManger:
    :path: ../

SPEC CHECKSUMS:
  CTMediator: 4cbf8ede42efc6b31715be88b78bdc9d94efa840
  ZYModuleManger: 0062407a2edbf8d0cefa32c5aa2c527d2527b54c

PODFILE CHECKSUM: 39f7023b92b5cf076205f298e2915f42f5b2c94d

COCOAPODS: 1.4.0
